
Microsoft Visual Studio Solution File, Format Version 12.00
# Visual Studio 14
VisualStudioVersion = 14.0.25420.1
MinimumVisualStudioVersion = 10.0.40219.1
Project("{FAE04EC0-301F-11D3-BF4B-00C04F79EFBC}") = "DemoFinal", "DemoFinal\DemoFinal.csproj", "{2E457EF9-0292-4C15-9E99-555A7631E7DD}"
EndProject
Project("{FAE04EC0-301F-11D3-BF4B-00C04F79EFBC}") = "DAL", "DAL\DAL.csproj", "{F93977FC-E52F-4A77-8697-62E594D143F6}"
EndProject
Global
	GlobalSection(SolutionConfigurationPlatforms) = preSolution
		Debug|Any CPU = Debug|Any CPU
		Release|Any CPU = Release|Any CPU
	EndGlobalSection
	GlobalSection(ProjectConfigurationPlatforms) = postSolution
		{2E457EF9-0292-4C15-9E99-555A7631E7DD}.Debug|Any CPU.ActiveCfg = Debug|Any CPU
		{2E457EF9-0292-4C15-9E99-555A7631E7DD}.Debug|Any CPU.Build.0 = Debug|Any CPU
		{2E457EF9-0292-4C15-9E99-555A7631E7DD}.Release|Any CPU.ActiveCfg = Release|Any CPU
		{2E457EF9-0292-4C15-9E99-555A7631E7DD}.Release|Any CPU.Build.0 = Release|Any CPU
		{F93977FC-E52F-4A77-8697-62E594D143F6}.Debug|Any CPU.ActiveCfg = Debug|Any CPU
		{F93977FC-E52F-4A77-8697-62E594D143F6}.Debug|Any CPU.Build.0 = Debug|Any CPU
		{F93977FC-E52F-4A77-8697-62E594D143F6}.Release|Any CPU.ActiveCfg = Release|Any CPU
		{F93977FC-E52F-4A77-8697-62E594D143F6}.Release|Any CPU.Build.0 = Release|Any CPU
	EndGlobalSection
	GlobalSection(SolutionProperties) = preSolution
		HideSolutionNode = FALSE
	EndGlobalSection
EndGlobal
